
Microsoft Visual Studio Solution File, Format Version 12.00
# Visual Studio Version 17
VisualStudioVersion = 17.1.32319.34
MinimumVisualStudioVersion = 10.0.40219.1
Project("{9A19103F-16F7-4668-BE54-9A1E7A4F7556}") = "Vxchin.Utils.Logging", "Vxchin.Utils.Logging\Vxchin.Utils.Logging.csproj", "{4949526B-2942-4ECA-944B-399509C1DC22}"
EndProject
Project("{FAE04EC0-301F-11D3-BF4B-00C04F79EFBC}") = "Vxchin.Utils.Logging.Log4Net", "Vxchin.Utils.Logging.Log4Net\Vxchin.Utils.Logging.Log4Net.csproj", "{5A7E0F46-01C4-43CB-A1ED-0E12E504F477}"
EndProject
Project("{FAE04EC0-301F-11D3-BF4B-00C04F79EFBC}") = "Vxchin.Utils.Logging.Samples", "Samples\Vxchin.Utils.Logging.Samples\Vxchin.Utils.Logging.Samples.csproj", "{3E08BD94-7F38-4CD7-AAE8-64BEA3D1A473}"
EndProject
Project("{2150E333-8FDC-42A3-9474-1A3956D46DE8}") = "Samples", "Samples", "{2408C79E-A53F-4E52-9A87-E2A5F5E74B40}"
EndProject
Project("{FAE04EC0-301F-11D3-BF4B-00C04F79EFBC}") = "Vxchin.Utils.Logging.Samples.LibCalc", "Samples\Vxchin.Utils.Logging.Samples.LibCalc\Vxchin.Utils.Logging.Samples.LibCalc.csproj", "{C0AC25DF-FE61-4A94-9156-32A6CA350D65}"
EndProject
Global
	GlobalSection(SolutionConfigurationPlatforms) = preSolution
		Debug|Any CPU = Debug|Any CPU
		Release|Any CPU = Release|Any CPU
	EndGlobalSection
	GlobalSection(ProjectConfigurationPlatforms) = postSolution
		{4949526B-2942-4ECA-944B-399509C1DC22}.Debug|Any CPU.ActiveCfg = Debug|Any CPU
		{4949526B-2942-4ECA-944B-399509C1DC22}.Debug|Any CPU.Build.0 = Debug|Any CPU
		{4949526B-2942-4ECA-944B-399509C1DC22}.Release|Any CPU.ActiveCfg = Release|Any CPU
		{4949526B-2942-4ECA-944B-399509C1DC22}.Release|Any CPU.Build.0 = Release|Any CPU
		{5A7E0F46-01C4-43CB-A1ED-0E12E504F477}.Debug|Any CPU.ActiveCfg = Debug|Any CPU
		{5A7E0F46-01C4-43CB-A1ED-0E12E504F477}.Debug|Any CPU.Build.0 = Debug|Any CPU
		{5A7E0F46-01C4-43CB-A1ED-0E12E504F477}.Release|Any CPU.ActiveCfg = Release|Any CPU
		{5A7E0F46-01C4-43CB-A1ED-0E12E504F477}.Release|Any CPU.Build.0 = Release|Any CPU
		{3E08BD94-7F38-4CD7-AAE8-64BEA3D1A473}.Debug|Any CPU.ActiveCfg = Debug|Any CPU
		{3E08BD94-7F38-4CD7-AAE8-64BEA3D1A473}.Debug|Any CPU.Build.0 = Debug|Any CPU
		{3E08BD94-7F38-4CD7-AAE8-64BEA3D1A473}.Release|Any CPU.ActiveCfg = Release|Any CPU
		{3E08BD94-7F38-4CD7-AAE8-64BEA3D1A473}.Release|Any CPU.Build.0 = Release|Any CPU
		{C0AC25DF-FE61-4A94-9156-32A6CA350D65}.Debug|Any CPU.ActiveCfg = Debug|Any CPU
		{C0AC25DF-FE61-4A94-9156-32A6CA350D65}.Debug|Any CPU.Build.0 = Debug|Any CPU
		{C0AC25DF-FE61-4A94-9156-32A6CA350D65}.Release|Any CPU.ActiveCfg = Release|Any CPU
		{C0AC25DF-FE61-4A94-9156-32A6CA350D65}.Release|Any CPU.Build.0 = Release|Any CPU
	EndGlobalSection
	GlobalSection(SolutionProperties) = preSolution
		HideSolutionNode = FALSE
	EndGlobalSection
	GlobalSection(NestedProjects) = preSolution
		{3E08BD94-7F38-4CD7-AAE8-64BEA3D1A473} = {2408C79E-A53F-4E52-9A87-E2A5F5E74B40}
		{C0AC25DF-FE61-4A94-9156-32A6CA350D65} = {2408C79E-A53F-4E52-9A87-E2A5F5E74B40}
	EndGlobalSection
	GlobalSection(ExtensibilityGlobals) = postSolution
		SolutionGuid = {A8E35CAE-B9E3-47DA-9A93-B6BCD1E3CE7A}
	EndGlobalSection
EndGlobal
